
Microsoft Visual Studio Solution File, Format Version 10.00
# Visual Studio 2008
Project("{FAE04EC0-301F-11D3-BF4B-00C04F79EFBC}") = "eduMaster", "eduMaster\eduMaster.csproj", "{611156FF-7E93-4C7E-811E-003505779BE3}"
EndProject
Project("{FAE04EC0-301F-11D3-BF4B-00C04F79EFBC}") = "dreamBlitzGLX.UI", "dreamBlitzGLX.UI\dreamBlitzGLX.UI.csproj", "{84AA63A8-0D57-4B21-B48F-9EE969AD2977}"
EndProject
Project("{FAE04EC0-301F-11D3-BF4B-00C04F79EFBC}") = "dreamBlitzGLX.DB", "dreamBlitzGLX.DB\dreamBlitzGLX.DB.csproj", "{D18C30EE-84C9-40FC-BC00-84ED454A2598}"
EndProject
Project("{FAE04EC0-301F-11D3-BF4B-00C04F79EFBC}") = "dreamBlitzGLX.Logger", "dreamBlitzGLX.Logger\dreamBlitzGLX.Logger.csproj", "{0D248B3F-AC9C-4D41-83A8-C5703779CD7E}"
EndProject
Global
	GlobalSection(SolutionConfigurationPlatforms) = preSolution
		Debug|Any CPU = Debug|Any CPU
		Release|Any CPU = Release|Any CPU
	EndGlobalSection
	GlobalSection(ProjectConfigurationPlatforms) = postSolution
		{611156FF-7E93-4C7E-811E-003505779BE3}.Debug|Any CPU.ActiveCfg = Debug|Any CPU
		{611156FF-7E93-4C7E-811E-003505779BE3}.Debug|Any CPU.Build.0 = Debug|Any CPU
		{611156FF-7E93-4C7E-811E-003505779BE3}.Release|Any CPU.ActiveCfg = Release|Any CPU
		{611156FF-7E93-4C7E-811E-003505779BE3}.Release|Any CPU.Build.0 = Release|Any CPU
		{84AA63A8-0D57-4B21-B48F-9EE969AD2977}.Debug|Any CPU.ActiveCfg = Debug|Any CPU
		{84AA63A8-0D57-4B21-B48F-9EE969AD2977}.Debug|Any CPU.Build.0 = Debug|Any CPU
		{84AA63A8-0D57-4B21-B48F-9EE969AD2977}.Release|Any CPU.ActiveCfg = Release|Any CPU
		{84AA63A8-0D57-4B21-B48F-9EE969AD2977}.Release|Any CPU.Build.0 = Release|Any CPU
		{D18C30EE-84C9-40FC-BC00-84ED454A2598}.Debug|Any CPU.ActiveCfg = Debug|Any CPU
		{D18C30EE-84C9-40FC-BC00-84ED454A2598}.Debug|Any CPU.Build.0 = Debug|Any CPU
		{D18C30EE-84C9-40FC-BC00-84ED454A2598}.Release|Any CPU.ActiveCfg = Release|Any CPU
		{D18C30EE-84C9-40FC-BC00-84ED454A2598}.Release|Any CPU.Build.0 = Release|Any CPU
		{0D248B3F-AC9C-4D41-83A8-C5703779CD7E}.Debug|Any CPU.ActiveCfg = Debug|Any CPU
		{0D248B3F-AC9C-4D41-83A8-C5703779CD7E}.Debug|Any CPU.Build.0 = Debug|Any CPU
		{0D248B3F-AC9C-4D41-83A8-C5703779CD7E}.Release|Any CPU.ActiveCfg = Release|Any CPU
		{0D248B3F-AC9C-4D41-83A8-C5703779CD7E}.Release|Any CPU.Build.0 = Release|Any CPU
	EndGlobalSection
	GlobalSection(SolutionProperties) = preSolution
		HideSolutionNode = FALSE
	EndGlobalSection
EndGlobal
